
Microsoft Visual Studio Solution File, Format Version 12.00
# Visual Studio 15
VisualStudioVersion = 15.0.28307.271
MinimumVisualStudioVersion = 10.0.40219.1
Project("{FAE04EC0-301F-11D3-BF4B-00C04F79EFBC}") = "FurniterBox", "FurniterBox\FurniterBox.csproj", "{040E6F18-7F8B-4ECE-A008-14AE9DBF4EED}"
EndProject
Global
	GlobalSection(SolutionConfigurationPlatforms) = preSolution
		Debug|Any CPU = Debug|Any CPU
		Release|Any CPU = Release|Any CPU
	EndGlobalSection
	GlobalSection(ProjectConfigurationPlatforms) = postSolution
		{040E6F18-7F8B-4ECE-A008-14AE9DBF4EED}.Debug|Any CPU.ActiveCfg = Debug|Any CPU
		{040E6F18-7F8B-4ECE-A008-14AE9DBF4EED}.Debug|Any CPU.Build.0 = Debug|Any CPU
		{040E6F18-7F8B-4ECE-A008-14AE9DBF4EED}.Release|Any CPU.ActiveCfg = Release|Any CPU
		{040E6F18-7F8B-4ECE-A008-14AE9DBF4EED}.Release|Any CPU.Build.0 = Release|Any CPU
	EndGlobalSection
	GlobalSection(SolutionProperties) = preSolution
		HideSolutionNode = FALSE
	EndGlobalSection
	GlobalSection(ExtensibilityGlobals) = postSolution
		SolutionGuid = {B1D2DA72-56A5-47CE-AB6C-2B5C1AE80736}
	EndGlobalSection
EndGlobal
